
Microsoft Visual Studio Solution File, Format Version 12.00
# Visual Studio 2012
Project("{8BC9CEB8-8B4A-11D0-8D11-00A0C91BC942}") = "ClipShareServer", "ClipShareServer\ClipShareServer.vcxproj", "{B570D85C-3369-4052-8738-4A34AB0C3303}"
EndProject
Global
	GlobalSection(SolutionConfigurationPlatforms) = preSolution
		Debug|Win32 = Debug|Win32
		Release|Win32 = Release|Win32
	EndGlobalSection
	GlobalSection(ProjectConfigurationPlatforms) = postSolution
		{B570D85C-3369-4052-8738-4A34AB0C3303}.Debug|Win32.ActiveCfg = Debug|Win32
		{B570D85C-3369-4052-8738-4A34AB0C3303}.Debug|Win32.Build.0 = Debug|Win32
		{B570D85C-3369-4052-8738-4A34AB0C3303}.Release|Win32.ActiveCfg = Release|Win32
		{B570D85C-3369-4052-8738-4A34AB0C3303}.Release|Win32.Build.0 = Release|Win32
	EndGlobalSection
	GlobalSection(SolutionProperties) = preSolution
		HideSolutionNode = FALSE
	EndGlobalSection
EndGlobal
